<?xml version="1.0" encoding="utf-8"?>
<Project ToolsVersion="4.0" xmlns="http://schemas.microsoft.com/developer/msbuild/2003">
  <ItemGroup>
    <Filter Include="Source Files">
      <UniqueIdentifier>{4FC737F1-C7A5-4376-A066-2A32D752A2FF}</UniqueIdentifier>
      <Extensions>cpp;c;cc;cxx;def;odl;idl;hpj;bat;asm;asmx</Extensions>
    </Filter>
    <Filter Include="Header Files">
      <UniqueIdentifier>{93995380-89BD-4b04-88EB-625FBE52EBFB}</UniqueIdentifier>
      <Extensions>h;hh;hpp;hxx;hm;inl;inc;xsd</Extensions>
    </Filter>
    <Filter Include="Resource Files">
      <UniqueIdentifier>{67DA6AB6-F800-4c08-8B7A-83BB121AAD01}</UniqueIdentifier>
      <Extensions>rc;ico;cur;bmp;dlg;rc2;rct;bin;rgs;gif;jpg;jpeg;jpe;resx;tiff;tif;png;wav;mfcribbon-ms</Extensions>
    </Filter>
    <Filter Include="Libraries">
      <UniqueIdentifier>{b5cd971d-7299-4731-92c9-0efa0ee7220b}</UniqueIdentifier>
    </Filter>
    <Filter Include="Interfaces">
      <UniqueIdentifier>{651165b1-69ac-499f-9f24-aa1ca720c4de}</UniqueIdentifier>
    </Filter>
    <Filter Include="Shader Files">
      <UniqueIdentifier>{35a4fe7b-a3c8-46c5-b119-8da61ce0e087}</UniqueIdentifier>
    </Filter>
    <Filter Include="PlayerControllers">
      <UniqueIdentifier>{a019d51f-8774-4e9f-a949-54aea6d87b02}</UniqueIdentifier>
    </Filter>
    <Filter Include="GameScreens">
      <UniqueIdentifier>{3ea4517e-e565-4c03-ae37-c90867d974da}</UniqueIdentifier>
    </Filter>
    <Filter Include="Components">
      <UniqueIdentifier>{7a2f916a-bdae-4102-ad4e-761d110519a1}</UniqueIdentifier>
    </Filter>
    <Filter Include="Managers">
      <UniqueIdentifier>{545804f8-44fd-48c5-8d0c-c0772554182a}</UniqueIdentifier>
    </Filter>
    <Filter Include="Animators">
      <UniqueIdentifier>{4f4f279f-4032-48b3-96a7-5aa9a5d5b980}</UniqueIdentifier>
    </Filter>
    <Filter Include="Menus">
      <UniqueIdentifier>{aaa6f07e-551b-4c9d-ad5e-3028b0ec9be7}</UniqueIdentifier>
    </Filter>
    <Filter Include="UIWidgets">
      <UniqueIdentifier>{10b3376f-0511-4065-bec9-7c754d9b0302}</UniqueIdentifier>
    </Filter>
  </ItemGroup>
  <ItemGroup>
    <ClCompile Include="Main.cpp">
      <Filter>Source Files</Filter>
    </ClCompile>
    <ClCompile Include="GameObject.cpp">
      <Filter>Source Files</Filter>
    </ClCompile>
    <ClCompile Include="ShaderLoader.cpp">
      <Filter>Source Files</Filter>
    </ClCompile>
    <ClCompile Include="Matrix.cpp">
      <Filter>Source Files</Filter>
    </ClCompile>
    <ClCompile Include="Shader.cpp">
      <Filter>Source Files</Filter>
    </ClCompile>
    <ClCompile Include="Camera.cpp">
      <Filter>Source Files</Filter>
    </ClCompile>
    <ClCompile Include="Mesh.cpp">
      <Filter>Source Files</Filter>
    </ClCompile>
    <ClCompile Include="PlayerController.cpp">
      <Filter>PlayerControllers</Filter>
    </ClCompile>
    <ClCompile Include="GameScreenMenu.cpp">
      <Filter>GameScreens</Filter>
    </ClCompile>
    <ClCompile Include="GameScreen.cpp">
      <Filter>GameScreens</Filter>
    </ClCompile>
    <ClCompile Include="Collider.cpp">
      <Filter>Components</Filter>
    </ClCompile>
    <ClCompile Include="Sprite.cpp">
      <Filter>Components</Filter>
    </ClCompile>
    <ClCompile Include="TextRender.cpp">
      <Filter>Components</Filter>
    </ClCompile>
    <ClCompile Include="SoundManager.cpp">
      <Filter>Managers</Filter>
    </ClCompile>
    <ClCompile Include="GameScreenManager.cpp">
      <Filter>Managers</Filter>
    </ClCompile>
    <ClCompile Include="Texture2D.cpp">
      <Filter>Source Files</Filter>
    </ClCompile>
    <ClCompile Include="MainMenuPawn.cpp">
      <Filter>PlayerControllers</Filter>
    </ClCompile>
    <ClCompile Include="PlayerPawn.cpp">
      <Filter>PlayerControllers</Filter>
    </ClCompile>
    <ClCompile Include="GameScreenLevel1.cpp">
      <Filter>GameScreens</Filter>
    </ClCompile>
    <ClCompile Include="DungeonManager.cpp">
      <Filter>Source Files</Filter>
    </ClCompile>
    <ClCompile Include="Animator.cpp">
      <Filter>Components</Filter>
    </ClCompile>
    <ClCompile Include="RigidBody2D.cpp">
      <Filter>Components</Filter>
    </ClCompile>
    <ClCompile Include="AnimatorCharacter.cpp">
      <Filter>Animators</Filter>
    </ClCompile>
    <ClCompile Include="AnimatorSnake.cpp">
      <Filter>Animators</Filter>
    </ClCompile>
    <ClCompile Include="MainMenu.cpp">
      <Filter>Menus</Filter>
    </ClCompile>
    <ClCompile Include="UIMenu.cpp">
      <Filter>Menus</Filter>
    </ClCompile>
    <ClCompile Include="OptionsMenu.cpp">
      <Filter>Menus</Filter>
    </ClCompile>
    <ClCompile Include="MenuManager.cpp">
      <Filter>Managers</Filter>
    </ClCompile>
    <ClCompile Include="Settings.cpp">
      <Filter>Source Files</Filter>
    </ClCompile>
    <ClCompile Include="Button.cpp">
      <Filter>UIWidgets</Filter>
    </ClCompile>
    <ClCompile Include="UIWidget.cpp">
      <Filter>UIWidgets</Filter>
    </ClCompile>
    <ClCompile Include="CheckBox.cpp">
      <Filter>UIWidgets</Filter>
    </ClCompile>
    <ClCompile Include="Slider.cpp">
      <Filter>UIWidgets</Filter>
    </ClCompile>
    <ClCompile Include="Image.cpp">
      <Filter>UIWidgets</Filter>
    </ClCompile>
    <ClCompile Include="TileMap.cpp">
      <Filter>Source Files</Filter>
    </ClCompile>
    <ClCompile Include="TinyXML2.cpp">
      <Filter>Source Files</Filter>
    </ClCompile>
    <ClCompile Include="PauseMenu.cpp">
      <Filter>Menus</Filter>
    </ClCompile>
    <ClCompile Include="TextBox.cpp">
      <Filter>UIWidgets</Filter>
    </ClCompile>
    <ClCompile Include="QuadTree.cpp">
      <Filter>Source Files</Filter>
    </ClCompile>
  </ItemGroup>
  <ItemGroup>
    <Library Include="SDL\SDL2.lib">
      <Filter>Libraries</Filter>
    </Library>
    <Library Include="SDL\SDL2_image.lib">
      <Filter>Libraries</Filter>
    </Library>
    <Library Include="SDL\SDL2_mixer.lib">
      <Filter>Libraries</Filter>
    </Library>
    <Library Include="SDL\SDL2_ttf.lib">
      <Filter>Libraries</Filter>
    </Library>
    <Library Include="SDL\SDL2main.lib">
      <Filter>Libraries</Filter>
    </Library>
    <Library Include="SDL\SDL2test.lib">
      <Filter>Libraries</Filter>
    </Library>
    <Library Include="GL\glew32.lib">
      <Filter>Libraries</Filter>
    </Library>
  </ItemGroup>
  <ItemGroup>
    <ClInclude Include="Commons.h">
      <Filter>Header Files</Filter>
    </ClInclude>
    <ClInclude Include="resource.h">
      <Filter>Header Files</Filter>
    </ClInclude>
    <ClInclude Include="GameObject.h">
      <Filter>Header Files</Filter>
    </ClInclude>
    <ClInclude Include="Transform.h">
      <Filter>Header Files</Filter>
    </ClInclude>
    <ClInclude Include="iComponents.h">
      <Filter>Interfaces</Filter>
    </ClInclude>
    <ClInclude Include="Texture2D.h">
      <Filter>Header Files</Filter>
    </ClInclude>
    <ClInclude Include="ShaderLoader.h">
      <Filter>Header Files</Filter>
    </ClInclude>
    <ClInclude Include="Shader.h">
      <Filter>Header Files</Filter>
    </ClInclude>
    <ClInclude Include="Matrix.h">
      <Filter>Header Files</Filter>
    </ClInclude>
    <ClInclude Include="Vector.h">
      <Filter>Header Files</Filter>
    </ClInclude>
    <ClInclude Include="Camera.h">
      <Filter>Header Files</Filter>
    </ClInclude>
    <ClInclude Include="Mesh.h">
      <Filter>Header Files</Filter>
    </ClInclude>
    <ClInclude Include="Messaging.h">
      <Filter>Header Files</Filter>
    </ClInclude>
    <ClInclude Include="Collision.h">
      <Filter>Header Files</Filter>
    </ClInclude>
    <ClInclude Include="RandomGenerator.h">
      <Filter>Header Files</Filter>
    </ClInclude>
    <ClInclude Include="ObjectPool.h">
      <Filter>Header Files</Filter>
    </ClInclude>
    <ClInclude Include="PlayerController.h">
      <Filter>PlayerControllers</Filter>
    </ClInclude>
    <ClInclude Include="GameScreen.h">
      <Filter>GameScreens</Filter>
    </ClInclude>
    <ClInclude Include="GameScreenMenu.h">
      <Filter>GameScreens</Filter>
    </ClInclude>
    <ClInclude Include="TextRender.h">
      <Filter>Components</Filter>
    </ClInclude>
    <ClInclude Include="Sprite.h">
      <Filter>Components</Filter>
    </ClInclude>
    <ClInclude Include="Collider.h">
      <Filter>Components</Filter>
    </ClInclude>
    <ClInclude Include="GameScreenManager.h">
      <Filter>Managers</Filter>
    </ClInclude>
    <ClInclude Include="SoundManager.h">
      <Filter>Managers</Filter>
    </ClInclude>
    <ClInclude Include="iInput.h">
      <Filter>Interfaces</Filter>
    </ClInclude>
    <ClInclude Include="MainMenuPawn.h">
      <Filter>PlayerControllers</Filter>
    </ClInclude>
    <ClInclude Include="PlayerPawn.h">
      <Filter>PlayerControllers</Filter>
    </ClInclude>
    <ClInclude Include="Button.h">
      <Filter>Header Files</Filter>
    </ClInclude>
    <ClInclude Include="GameScreenLevel1.h">
      <Filter>GameScreens</Filter>
    </ClInclude>
    <ClInclude Include="DungeonManager.h">
      <Filter>Header Files</Filter>
    </ClInclude>
    <ClInclude Include="Animator.h">
      <Filter>Components</Filter>
    </ClInclude>
    <ClInclude Include="RigidBody2D.h">
      <Filter>Components</Filter>
    </ClInclude>
    <ClInclude Include="AnimatorCharacter.h">
      <Filter>Animators</Filter>
    </ClInclude>
    <ClInclude Include="AnimatorSnake.h">
      <Filter>Animators</Filter>
    </ClInclude>
    <ClInclude Include="UIMenu.h">
      <Filter>Menus</Filter>
    </ClInclude>
    <ClInclude Include="MainMenu.h">
      <Filter>Menus</Filter>
    </ClInclude>
    <ClInclude Include="OptionsMenu.h">
      <Filter>Menus</Filter>
    </ClInclude>
    <ClInclude Include="MenuManager.h">
      <Filter>Managers</Filter>
    </ClInclude>
    <ClInclude Include="Settings.h">
      <Filter>Header Files</Filter>
    </ClInclude>
    <ClInclude Include="PauseMenu.h">
      <Filter>Menus</Filter>
    </ClInclude>
    <ClInclude Include="CheckBox.h">
      <Filter>Header Files</Filter>
    </ClInclude>
    <ClInclude Include="UIWidget.h">
      <Filter>Header Files</Filter>
    </ClInclude>
    <ClInclude Include="Slider.h">
      <Filter>UIWidgets</Filter>
    </ClInclude>
    <ClInclude Include="Image.h">
      <Filter>UIWidgets</Filter>
    </ClInclude>
    <ClInclude Include="TextBox.h">
      <Filter>UIWidgets</Filter>
    </ClInclude>
    <ClInclude Include="TileMap.h">
      <Filter>Header Files</Filter>
    </ClInclude>
    <ClInclude Include="TinyXML2.h">
      <Filter>Header Files</Filter>
    </ClInclude>
    <ClInclude Include="QuadTree.h">
      <Filter>Header Files</Filter>
    </ClInclude>
  </ItemGroup>
  <ItemGroup>
    <ResourceCompile Include="IGT - Project.rc">
      <Filter>Resource Files</Filter>
    </ResourceCompile>
  </ItemGroup>
  <ItemGroup>
    <None Include="Shaders\BasicShader.frag">
      <Filter>Shader Files</Filter>
    </None>
    <None Include="Shaders\BasicShader.vert">
      <Filter>Shader Files</Filter>
    </None>
    <None Include="Shaders\GUIShader.frag">
      <Filter>Shader Files</Filter>
    </None>
    <None Include="Shaders\GUIShader.vert">
      <Filter>Shader Files</Filter>
    </None>
    <None Include="ClassDiagram.cd" />
  </ItemGroup>
</Project>